PODS:
  - AFNetworking (2.5.2):
    - AFNetworking/NSURLConnection (= 2.5.2)
    - AFNetworking/NSURLSession (= 2.5.2)
    - AFNetworking/Reachability (= 2.5.2)
    - AFNetworking/Security (= 2.5.2)
    - AFNetworking/Serialization (= 2.5.2)
    - AFNetworking/UIKit (= 2.5.2)
  - AFNetworking/NSURLConnection (2.5.2):
    - AFNetworking/Reachability
    - AFNetworking/Security
    - AFNetworking/Serialization
  - AFNetworking/NSURLSession (2.5.2):
    - AFNetworking/Reachability
    - AFNetworking/Security
    - AFNetworking/Serialization
  - AFNetworking/Reachability (2.5.2)
  - AFNetworking/Security (2.5.2)
  - AFNetworking/Serialization (2.5.2)
  - AFNetworking/UIKit (2.5.2):
    - AFNetworking/NSURLConnection
    - AFNetworking/NSURLSession
  - Alamofire (1.1.4)
  - Async (1.1.1)
  - Cartography (0.2.1)
  - CryptoSwift (0.0.8)
  - DateKit (0.1.1)
  - KIF (3.1.2):
    - KIF/XCTest (= 3.1.2)
  - KIF/XCTest (3.1.2)
  - Nimble (0.3.1)
  - Quick (0.2.2)
  - SwiftyUserDefaults (1.0.0)

DEPENDENCIES:
  - AFNetworking (~> 2.5.2)
  - Alamofire (~> 1.1)
  - Async (from `https://github.com/duemunk/Async.git`, commit `ca009a904aa5d6cfaff5259e84b502cc47b62644`)
  - Cartography (~> 0.2.1)
  - CryptoSwift (~> 0.0.8)
  - DateKit (~> 0.1.1)
  - KIF (~> 3.0)
  - Nimble (from `git@github.com:Quick/Nimble.git`, branch `swift-1.1`)
  - Quick (from `git@github.com:Quick/Quick.git`, branch `swift-1.1`)
  - SwiftyUserDefaults (~> 1.0.0)

EXTERNAL SOURCES:
  Async:
    :commit: ca009a904aa5d6cfaff5259e84b502cc47b62644
    :git: https://github.com/duemunk/Async.git
  Nimble:
    :branch: swift-1.1
    :git: git@github.com:Quick/Nimble.git
  Quick:
    :branch: swift-1.1
    :git: git@github.com:Quick/Quick.git

CHECKOUT OPTIONS:
  Async:
    :commit: ca009a904aa5d6cfaff5259e84b502cc47b62644
    :git: https://github.com/duemunk/Async.git
  Nimble:
    :commit: 1088d5f70497f34be946e3e2829a10529f7bea8e
    :git: git@github.com:Quick/Nimble.git
  Quick:
    :commit: f8c9ff9f499fc5ea72ff55c1c5eed32e1ff303ea
    :git: git@github.com:Quick/Quick.git

SPEC CHECKSUMS:
  AFNetworking: fefbce9660acb17f48ae0011292d4da0f457bf36
  Alamofire: 6a2cbaebe78a6d469bc55ee37f0a24ba22af76ac
  Async: 4ba79915d3f43324db9e1e296db324cb896fa266
  Cartography: bfd61a6b2f784ed20fff698c6119ee0dda2da9ea
  CryptoSwift: 6d1b93af5b48e02e57366bfad28b00170af405ee
  DateKit: 1bd5fbff0131575fdc6fa56d820e7779bc025256
  KIF: e08915d78a220480599837e9a760deee64453d76
  Nimble: 1b3c765852d63b9540a91e528e1e4f8afab79b6f
  Quick: 1bda8b4c8d43f6b4dd69ca001918b1767b3c9c93
  SwiftyUserDefaults: 76cb548fdbcb0d28c27bfa01e261fd78df65e38f

COCOAPODS: 0.36.0
