PODS:
  - AFNetworking (2.5.2):
    - AFNetworking/NSURLConnection (= 2.5.2)
    - AFNetworking/NSURLSession (= 2.5.2)
    - AFNetworking/Reachability (= 2.5.2)
    - AFNetworking/Security (= 2.5.2)
    - AFNetworking/Serialization (= 2.5.2)
    - AFNetworking/UIKit (= 2.5.2)
  - AFNetworking/NSURLConnection (2.5.2):
    - AFNetworking/Reachability
    - AFNetworking/Security
    - AFNetworking/Serialization
  - AFNetworking/NSURLSession (2.5.2):
    - AFNetworking/Reachability
    - AFNetworking/Security
    - AFNetworking/Serialization
  - AFNetworking/Reachability (2.5.2)
  - AFNetworking/Security (2.5.2)
  - AFNetworking/Serialization (2.5.2)
  - AFNetworking/UIKit (2.5.2):
    - AFNetworking/NSURLConnection
    - AFNetworking/NSURLSession
  - Alamofire (1.2.0)
  - Async (1.1.1)
  - Cartography (0.5.0)
  - CryptoSwift (0.0.10)
  - DateKit (0.1.1)
  - KIF (3.2.1):
    - KIF/XCTest (= 3.2.1)
  - KIF/XCTest (3.2.1)
  - Mockingjay (0.2.0):
    - Mockingjay/Core (= 0.2.0)
    - Mockingjay/Session (= 0.2.0)
    - Mockingjay/XCTest (= 0.2.0)
  - Mockingjay/Core (0.2.0):
    - URITemplate (~> 1.2)
  - Mockingjay/Session (0.2.0):
    - Mockingjay/Core
  - Mockingjay/XCTest (0.2.0):
    - Mockingjay/Core
  - Nimble (0.4.2)
  - Quick (0.3.1)
  - SwiftyJSON (2.1.3)
  - SwiftyUserDefaults (1.0.0)
  - URITemplate (1.2.0)

DEPENDENCIES:
  - AFNetworking (~> 2.5.2)
  - Alamofire (~> 1.2.0)
  - Async (from `git@github.com:duemunk/Async.git`, commit `a61663f4469df082ac0b3311d9c4b8cd32185336`,
    branch `master`)
  - Cartography (~> 0.5.0)
  - CryptoSwift (~> 0.0.10)
  - DateKit (from `https://github.com/SnowdogApps/DateKit.git`, commit `4c953cf5a70a14f88d154bdfd710019f20a10b49`,
    branch `master`)
  - KIF (~> 3.0)
  - Mockingjay
  - Nimble (~> 0.4.2)
  - Quick (~> 0.3.1)
  - SwiftyJSON (from `git@github.com:SwiftyJSON/SwiftyJSON.git`, commit `008a09d7ea8b13c03fb59b35c01aad339584a5e1`,
    branch `xcode6.3`)
  - SwiftyUserDefaults (from `git@github.com:radex/SwiftyUserDefaults.git`, commit
    `e467e0f712e3ac1d1ceb7f9020ffd02e487e8893`, branch `swift-1.2`)

EXTERNAL SOURCES:
  Async:
    :branch: master
    :commit: a61663f4469df082ac0b3311d9c4b8cd32185336
    :git: git@github.com:duemunk/Async.git
  DateKit:
    :branch: master
    :commit: 4c953cf5a70a14f88d154bdfd710019f20a10b49
    :git: https://github.com/SnowdogApps/DateKit.git
  SwiftyJSON:
    :branch: xcode6.3
    :commit: 008a09d7ea8b13c03fb59b35c01aad339584a5e1
    :git: git@github.com:SwiftyJSON/SwiftyJSON.git
  SwiftyUserDefaults:
    :branch: swift-1.2
    :commit: e467e0f712e3ac1d1ceb7f9020ffd02e487e8893
    :git: git@github.com:radex/SwiftyUserDefaults.git

CHECKOUT OPTIONS:
  Async:
    :branch: master
    :commit: a61663f4469df082ac0b3311d9c4b8cd32185336
    :git: git@github.com:duemunk/Async.git
  DateKit:
    :branch: master
    :commit: 4c953cf5a70a14f88d154bdfd710019f20a10b49
    :git: https://github.com/SnowdogApps/DateKit.git
  SwiftyJSON:
    :branch: xcode6.3
    :commit: 008a09d7ea8b13c03fb59b35c01aad339584a5e1
    :git: git@github.com:SwiftyJSON/SwiftyJSON.git
  SwiftyUserDefaults:
    :branch: swift-1.2
    :commit: e467e0f712e3ac1d1ceb7f9020ffd02e487e8893
    :git: git@github.com:radex/SwiftyUserDefaults.git

SPEC CHECKSUMS:
  AFNetworking: fefbce9660acb17f48ae0011292d4da0f457bf36
  Alamofire: d765c5c1713aa64106b0228aaa600a1e6851f68d
  Async: 4ba79915d3f43324db9e1e296db324cb896fa266
  Cartography: 774e5cc446f5a6bca5d4345c5aa6af9a1fe74dc6
  CryptoSwift: 3b886d001f50deb65623a8967d68f6b8bf8d9ba1
  DateKit: 1bd5fbff0131575fdc6fa56d820e7779bc025256
  KIF: ef1691e54e1d969c3b4fd0b5b56a3d7ddf37f216
  Mockingjay: 8635bddf88b7c93833db67e1dc54b8ffe7efe921
  Nimble: 49b7a7da8919f42823d37c6d68cc6d15a7009f32
  Quick: 824572d3d198d51e52cf4aa722cebf7e59952a35
  SwiftyJSON: a561c2a840121085bec8a2dfeac97a360fc66901
  SwiftyUserDefaults: 76cb548fdbcb0d28c27bfa01e261fd78df65e38f
  URITemplate: 0dbf40f0e378eb9c6d04cc08e6101fb82d126dc3

COCOAPODS: 0.36.3
