// !$*UTF8*$!
{
	archiveVersion = 1;
	classes = {
	};
	objectVersion = 46;
	objects = {

/* Begin PBXBuildFile section */
		3FBDD1B2DABF053615250478 /* Pods_Tests.framework in Frameworks */ = {isa = PBXBuildFile; fileRef = E863DC0075B8561A39153AA0 /* Pods_Tests.framework */; settings = {ATTRIBUTES = (Weak, ); }; };
		5E1FF7671AA8A8BA00467837 /* MathSpec.swift in Sources */ = {isa = PBXBuildFile; fileRef = 5E1FF7661AA8A8BA00467837 /* MathSpec.swift */; };
		5E1FF7691AA8AB5A00467837 /* RootScreenSpec.swift in Sources */ = {isa = PBXBuildFile; fileRef = 5E1FF7681AA8AB5A00467837 /* RootScreenSpec.swift */; };
		5E51B7961AA9B9C70018EDA9 /* SwiftKIFExtension.swift in Sources */ = {isa = PBXBuildFile; fileRef = 5E51B7951AA9B9C70018EDA9 /* SwiftKIFExtension.swift */; };
		5E8A7EEB1AA9CB610018F432 /* AppDelegate.swift in Sources */ = {isa = PBXBuildFile; fileRef = 5E8A7EEA1AA9CB610018F432 /* AppDelegate.swift */; };
		5E8A7EED1AA9CB660018F432 /* ViewController.swift in Sources */ = {isa = PBXBuildFile; fileRef = 5E8A7EEC1AA9CB660018F432 /* ViewController.swift */; };
		5E8A7EEF1AA9CB6D0018F432 /* Images.xcassets in Resources */ = {isa = PBXBuildFile; fileRef = 5E8A7EEE1AA9CB6D0018F432 /* Images.xcassets */; };
		5E8A7EF21AA9CB770018F432 /* LaunchScreen.xib in Resources */ = {isa = PBXBuildFile; fileRef = 5E8A7EF01AA9CB770018F432 /* LaunchScreen.xib */; };
		5E8A7EF31AA9CB770018F432 /* Main.storyboard in Resources */ = {isa = PBXBuildFile; fileRef = 5E8A7EF11AA9CB770018F432 /* Main.storyboard */; };
		76E969DD61F6B2F95773D3E0 /* Pods_Tests.framework in Frameworks */ = {isa = PBXBuildFile; fileRef = E863DC0075B8561A39153AA0 /* Pods_Tests.framework */; settings = {ATTRIBUTES = (Weak, ); }; };
		96B0A12C6682F9B408E5CF68 /* Pods.framework in Frameworks */ = {isa = PBXBuildFile; fileRef = 5E0759062D32339F0F1B138E /* Pods.framework */; settings = {ATTRIBUTES = (Weak, ); }; };
/* End PBXBuildFile section */

/* Begin PBXContainerItemProxy section */
		5E3A982D1AA7302B00CE2F20 /* PBXContainerItemProxy */ = {
			isa = PBXContainerItemProxy;
			containerPortal = 5E3A97E01AA72F0A00CE2F20 /* Project object */;
			proxyType = 1;
			remoteGlobalIDString = 5E3A97E71AA72F0A00CE2F20;
			remoteInfo = Project;
		};
		5E3A983C1AA73A6500CE2F20 /* PBXContainerItemProxy */ = {
			isa = PBXContainerItemProxy;
			containerPortal = 5E3A97E01AA72F0A00CE2F20 /* Project object */;
			proxyType = 1;
			remoteGlobalIDString = 5E3A97E71AA72F0A00CE2F20;
			remoteInfo = Project;
		};
/* End PBXContainerItemProxy section */

/* Begin PBXFileReference section */
		5E0759062D32339F0F1B138E /* Pods.framework */ = {isa = PBXFileReference; explicitFileType = wrapper.framework; includeInIndex = 0; path = Pods.framework; sourceTree = BUILT_PRODUCTS_DIR; };
		5E147CB21AA8B2CA00EDD97C /* Functional-Tests-Info.plist */ = {isa = PBXFileReference; lastKnownFileType = text.plist.xml; name = "Functional-Tests-Info.plist"; path = "Supporting Files/Functional-Tests-Info.plist"; sourceTree = "<group>"; };
		5E147CB41AA8B2D300EDD97C /* Project-Bridging-Header.h */ = {isa = PBXFileReference; lastKnownFileType = sourcecode.c.h; name = "Project-Bridging-Header.h"; path = "Supporting Files/Project-Bridging-Header.h"; sourceTree = "<group>"; };
		5E147CB51AA8B2D300EDD97C /* Project-Info.plist */ = {isa = PBXFileReference; lastKnownFileType = text.plist.xml; name = "Project-Info.plist"; path = "Supporting Files/Project-Info.plist"; sourceTree = "<group>"; };
		5E147CB71AA8B2DC00EDD97C /* Unit-Tests-Bridging-Header.h */ = {isa = PBXFileReference; lastKnownFileType = sourcecode.c.h; name = "Unit-Tests-Bridging-Header.h"; path = "Supporting Files/Unit-Tests-Bridging-Header.h"; sourceTree = SOURCE_ROOT; };
		5E147CB81AA8B2DC00EDD97C /* Unit-Tests-Info.plist */ = {isa = PBXFileReference; lastKnownFileType = text.plist.xml; name = "Unit-Tests-Info.plist"; path = "Supporting Files/Unit-Tests-Info.plist"; sourceTree = SOURCE_ROOT; };
		5E1FF7661AA8A8BA00467837 /* MathSpec.swift */ = {isa = PBXFileReference; fileEncoding = 4; lastKnownFileType = sourcecode.swift; path = MathSpec.swift; sourceTree = "<group>"; };
		5E1FF7681AA8AB5A00467837 /* RootScreenSpec.swift */ = {isa = PBXFileReference; fileEncoding = 4; lastKnownFileType = sourcecode.swift; path = RootScreenSpec.swift; sourceTree = "<group>"; };
		5E3A97E81AA72F0A00CE2F20 /* Roomguru.app */ = {isa = PBXFileReference; explicitFileType = wrapper.application; includeInIndex = 0; path = Roomguru.app; sourceTree = BUILT_PRODUCTS_DIR; };
		5E3A98271AA7302B00CE2F20 /* Functional Tests.xctest */ = {isa = PBXFileReference; explicitFileType = wrapper.cfbundle; includeInIndex = 0; path = "Functional Tests.xctest"; sourceTree = BUILT_PRODUCTS_DIR; };
		5E3A98361AA73A6500CE2F20 /* Unit Tests.xctest */ = {isa = PBXFileReference; explicitFileType = wrapper.cfbundle; includeInIndex = 0; path = "Unit Tests.xctest"; sourceTree = BUILT_PRODUCTS_DIR; };
		5E3A98511AA741FA00CE2F20 /* Development.xcconfig */ = {isa = PBXFileReference; lastKnownFileType = text.xcconfig; name = Development.xcconfig; path = Configuration/Development.xcconfig; sourceTree = "<group>"; };
		5E3A98521AA741FA00CE2F20 /* Production.xcconfig */ = {isa = PBXFileReference; lastKnownFileType = text.xcconfig; name = Production.xcconfig; path = Configuration/Production.xcconfig; sourceTree = "<group>"; };
		5E3A98531AA741FA00CE2F20 /* Staging.xcconfig */ = {isa = PBXFileReference; lastKnownFileType = text.xcconfig; name = Staging.xcconfig; path = Configuration/Staging.xcconfig; sourceTree = "<group>"; };
		5E3A98541AA741FA00CE2F20 /* Test.xcconfig */ = {isa = PBXFileReference; lastKnownFileType = text.xcconfig; name = Test.xcconfig; path = Configuration/Test.xcconfig; sourceTree = "<group>"; };
		5E3A98551AA741FA00CE2F20 /* Tests-Development.xcconfig */ = {isa = PBXFileReference; lastKnownFileType = text.xcconfig; name = "Tests-Development.xcconfig"; path = "Configuration/Tests-Development.xcconfig"; sourceTree = "<group>"; };
		5E3A98561AA741FA00CE2F20 /* Tests-Production.xcconfig */ = {isa = PBXFileReference; lastKnownFileType = text.xcconfig; name = "Tests-Production.xcconfig"; path = "Configuration/Tests-Production.xcconfig"; sourceTree = "<group>"; };
		5E3A98571AA741FA00CE2F20 /* Tests-Staging.xcconfig */ = {isa = PBXFileReference; lastKnownFileType = text.xcconfig; name = "Tests-Staging.xcconfig"; path = "Configuration/Tests-Staging.xcconfig"; sourceTree = "<group>"; };
		5E3A98581AA741FA00CE2F20 /* Tests-Test.xcconfig */ = {isa = PBXFileReference; lastKnownFileType = text.xcconfig; name = "Tests-Test.xcconfig"; path = "Configuration/Tests-Test.xcconfig"; sourceTree = "<group>"; };
		5E51B7951AA9B9C70018EDA9 /* SwiftKIFExtension.swift */ = {isa = PBXFileReference; fileEncoding = 4; lastKnownFileType = sourcecode.swift; name = SwiftKIFExtension.swift; path = Helpers/SwiftKIFExtension.swift; sourceTree = "<group>"; };
		5E51B7971AA9BC040018EDA9 /* Functional-Tests-Bridging-Header.h */ = {isa = PBXFileReference; lastKnownFileType = sourcecode.c.h; name = "Functional-Tests-Bridging-Header.h"; path = "Supporting Files/Functional-Tests-Bridging-Header.h"; sourceTree = "<group>"; };
		5E8A7EEA1AA9CB610018F432 /* AppDelegate.swift */ = {isa = PBXFileReference; fileEncoding = 4; lastKnownFileType = sourcecode.swift; name = AppDelegate.swift; path = "Roomguru/Source Files/AppDelegate.swift"; sourceTree = SOURCE_ROOT; };
		5E8A7EEC1AA9CB660018F432 /* ViewController.swift */ = {isa = PBXFileReference; fileEncoding = 4; lastKnownFileType = sourcecode.swift; name = ViewController.swift; path = "Roomguru/Source Files/ViewController.swift"; sourceTree = SOURCE_ROOT; };
		5E8A7EEE1AA9CB6D0018F432 /* Images.xcassets */ = {isa = PBXFileReference; lastKnownFileType = folder.assetcatalog; name = Images.xcassets; path = Roomguru/Resources/Images.xcassets; sourceTree = SOURCE_ROOT; };
		5E8A7EF01AA9CB770018F432 /* LaunchScreen.xib */ = {isa = PBXFileReference; fileEncoding = 4; lastKnownFileType = file.xib; name = LaunchScreen.xib; path = Roomguru/Interfaces/LaunchScreen.xib; sourceTree = SOURCE_ROOT; };
		5E8A7EF11AA9CB770018F432 /* Main.storyboard */ = {isa = PBXFileReference; fileEncoding = 4; lastKnownFileType = file.storyboard; name = Main.storyboard; path = Roomguru/Interfaces/Main.storyboard; sourceTree = SOURCE_ROOT; };
		E863DC0075B8561A39153AA0 /* Pods_Tests.framework */ = {isa = PBXFileReference; explicitFileType = wrapper.framework; includeInIndex = 0; path = Pods_Tests.framework; sourceTree = BUILT_PRODUCTS_DIR; };
/* End PBXFileReference section */

/* Begin PBXFrameworksBuildPhase section */
		5E3A97E51AA72F0A00CE2F20 /* Frameworks */ = {
			isa = PBXFrameworksBuildPhase;
			buildActionMask = 2147483647;
			files = (
				96B0A12C6682F9B408E5CF68 /* Pods.framework in Frameworks */,
			);
			runOnlyForDeploymentPostprocessing = 0;
		};
		5E3A98241AA7302B00CE2F20 /* Frameworks */ = {
			isa = PBXFrameworksBuildPhase;
			buildActionMask = 2147483647;
			files = (
				3FBDD1B2DABF053615250478 /* Pods_Tests.framework in Frameworks */,
			);
			runOnlyForDeploymentPostprocessing = 0;
		};
		5E3A98331AA73A6500CE2F20 /* Frameworks */ = {
			isa = PBXFrameworksBuildPhase;
			buildActionMask = 2147483647;
			files = (
				76E969DD61F6B2F95773D3E0 /* Pods_Tests.framework in Frameworks */,
			);
			runOnlyForDeploymentPostprocessing = 0;
		};
/* End PBXFrameworksBuildPhase section */

/* Begin PBXGroup section */
		005A401FFFA8DAC0C198A001 /* Pods */ = {
			isa = PBXGroup;
			children = (
			);
			name = Pods;
			sourceTree = "<group>";
		};
		303C9EE60D55FE95B1E4648B /* Frameworks */ = {
			isa = PBXGroup;
			children = (
				5E0759062D32339F0F1B138E /* Pods.framework */,
				E863DC0075B8561A39153AA0 /* Pods_Tests.framework */,
			);
			name = Frameworks;
			sourceTree = "<group>";
		};
		5E147CBB1AA8B40C00EDD97C /* Helper */ = {
			isa = PBXGroup;
			children = (
				5E51B7951AA9B9C70018EDA9 /* SwiftKIFExtension.swift */,
			);
			name = Helper;
			sourceTree = "<group>";
		};
		5E147CBC1AA8B54100EDD97C /* Helper */ = {
			isa = PBXGroup;
			children = (
			);
			name = Helper;
			sourceTree = "<group>";
		};
		5E3A97DF1AA72F0A00CE2F20 = {
			isa = PBXGroup;
			children = (
				5E3A97EA1AA72F0A00CE2F20 /* Project */,
				5E3A98281AA7302B00CE2F20 /* Functional Tests */,
				5E3A98371AA73A6500CE2F20 /* Unit Tests */,
				5E3A980F1AA72F7C00CE2F20 /* Supporting Files */,
				5E3A98101AA72F8B00CE2F20 /* Configuraton */,
				5E3A97E91AA72F0A00CE2F20 /* Products */,
				005A401FFFA8DAC0C198A001 /* Pods */,
				303C9EE60D55FE95B1E4648B /* Frameworks */,
			);
			sourceTree = "<group>";
		};
		5E3A97E91AA72F0A00CE2F20 /* Products */ = {
			isa = PBXGroup;
			children = (
				5E3A97E81AA72F0A00CE2F20 /* Roomguru.app */,
				5E3A98271AA7302B00CE2F20 /* Functional Tests.xctest */,
				5E3A98361AA73A6500CE2F20 /* Unit Tests.xctest */,
			);
			name = Products;
			sourceTree = "<group>";
		};
		5E3A97EA1AA72F0A00CE2F20 /* Project */ = {
			isa = PBXGroup;
			children = (
				5E3A98491AA73FD500CE2F20 /* Source Files */,
				5E3A98441AA73FD500CE2F20 /* Interfaces */,
				5E3A98471AA73FD500CE2F20 /* Resources */,
			);
			path = Project;
			sourceTree = "<group>";
		};
		5E3A980F1AA72F7C00CE2F20 /* Supporting Files */ = {
			isa = PBXGroup;
			children = (
				5E3A98111AA72FAC00CE2F20 /* Project */,
				5E3A98121AA72FB200CE2F20 /* Unit Tests */,
				5E3A98131AA72FBD00CE2F20 /* Functional Tests */,
			);
			name = "Supporting Files";
			sourceTree = "<group>";
		};
		5E3A98101AA72F8B00CE2F20 /* Configuraton */ = {
			isa = PBXGroup;
			children = (
				5E3A98511AA741FA00CE2F20 /* Development.xcconfig */,
				5E3A98521AA741FA00CE2F20 /* Production.xcconfig */,
				5E3A98531AA741FA00CE2F20 /* Staging.xcconfig */,
				5E3A98541AA741FA00CE2F20 /* Test.xcconfig */,
				5E3A98551AA741FA00CE2F20 /* Tests-Development.xcconfig */,
				5E3A98561AA741FA00CE2F20 /* Tests-Production.xcconfig */,
				5E3A98571AA741FA00CE2F20 /* Tests-Staging.xcconfig */,
				5E3A98581AA741FA00CE2F20 /* Tests-Test.xcconfig */,
			);
			name = Configuraton;
			sourceTree = "<group>";
		};
		5E3A98111AA72FAC00CE2F20 /* Project */ = {
			isa = PBXGroup;
			children = (
				5E147CB41AA8B2D300EDD97C /* Project-Bridging-Header.h */,
				5E147CB51AA8B2D300EDD97C /* Project-Info.plist */,
			);
			name = Project;
			sourceTree = "<group>";
		};
		5E3A98121AA72FB200CE2F20 /* Unit Tests */ = {
			isa = PBXGroup;
			children = (
				5E147CB71AA8B2DC00EDD97C /* Unit-Tests-Bridging-Header.h */,
				5E147CB81AA8B2DC00EDD97C /* Unit-Tests-Info.plist */,
			);
			name = "Unit Tests";
			sourceTree = "<group>";
		};
		5E3A98131AA72FBD00CE2F20 /* Functional Tests */ = {
			isa = PBXGroup;
			children = (
				5E51B7971AA9BC040018EDA9 /* Functional-Tests-Bridging-Header.h */,
				5E147CB21AA8B2CA00EDD97C /* Functional-Tests-Info.plist */,
			);
			name = "Functional Tests";
			sourceTree = "<group>";
		};
		5E3A98281AA7302B00CE2F20 /* Functional Tests */ = {
			isa = PBXGroup;
			children = (
				5E147CBB1AA8B40C00EDD97C /* Helper */,
				5E1FF7681AA8AB5A00467837 /* RootScreenSpec.swift */,
			);
			path = "Functional Tests";
			sourceTree = "<group>";
		};
		5E3A98371AA73A6500CE2F20 /* Unit Tests */ = {
			isa = PBXGroup;
			children = (
				5E147CBC1AA8B54100EDD97C /* Helper */,
				5E1FF7661AA8A8BA00467837 /* MathSpec.swift */,
			);
			path = "Unit Tests";
			sourceTree = "<group>";
		};
		5E3A98441AA73FD500CE2F20 /* Interfaces */ = {
			isa = PBXGroup;
			children = (
				5E8A7EF01AA9CB770018F432 /* LaunchScreen.xib */,
				5E8A7EF11AA9CB770018F432 /* Main.storyboard */,
			);
			path = Interfaces;
			sourceTree = "<group>";
		};
		5E3A98471AA73FD500CE2F20 /* Resources */ = {
			isa = PBXGroup;
			children = (
				5E8A7EEE1AA9CB6D0018F432 /* Images.xcassets */,
			);
			path = Resources;
			sourceTree = "<group>";
		};
		5E3A98491AA73FD500CE2F20 /* Source Files */ = {
			isa = PBXGroup;
			children = (
				5E51B7981AA9C3280018EDA9 /* Object & Models */,
				5E51B7991AA9C3310018EDA9 /* View Controllers */,
				5E51B79B1AA9C3540018EDA9 /* Custom Views */,
			);
			path = "Source Files";
			sourceTree = "<group>";
		};
		5E51B7981AA9C3280018EDA9 /* Object & Models */ = {
			isa = PBXGroup;
			children = (
				5E8A7EEA1AA9CB610018F432 /* AppDelegate.swift */,
			);
			name = "Object & Models";
			sourceTree = "<group>";
		};
		5E51B7991AA9C3310018EDA9 /* View Controllers */ = {
			isa = PBXGroup;
			children = (
				5E8A7EEC1AA9CB660018F432 /* ViewController.swift */,
			);
			name = "View Controllers";
			sourceTree = "<group>";
		};
		5E51B79B1AA9C3540018EDA9 /* Custom Views */ = {
			isa = PBXGroup;
			children = (
			);
			name = "Custom Views";
			sourceTree = "<group>";
		};
/* End PBXGroup section */

/* Begin PBXNativeTarget section */
		5E3A97E71AA72F0A00CE2F20 /* Roomguru */ = {
			isa = PBXNativeTarget;
			buildConfigurationList = 5E3A98071AA72F0A00CE2F20 /* Build configuration list for PBXNativeTarget "Roomguru" */;
			buildPhases = (
				B2751B7E0D423C87A390F7D6 /* Check Pods Manifest.lock */,
				5E3A97E41AA72F0A00CE2F20 /* Sources */,
				5E3A97E51AA72F0A00CE2F20 /* Frameworks */,
				5E3A97E61AA72F0A00CE2F20 /* Resources */,
				167F8D30F1ADCADD56793386 /* Embed Pods Frameworks */,
				05CBF50C3479CFCF14DDF382 /* Copy Pods Resources */,
			);
			buildRules = (
			);
			dependencies = (
			);
			name = Roomguru;
			productName = Project;
			productReference = 5E3A97E81AA72F0A00CE2F20 /* Roomguru.app */;
			productType = "com.apple.product-type.application";
		};
		5E3A98261AA7302B00CE2F20 /* Functional Tests */ = {
			isa = PBXNativeTarget;
			buildConfigurationList = 5E3A982F1AA7302B00CE2F20 /* Build configuration list for PBXNativeTarget "Functional Tests" */;
			buildPhases = (
				D3D6A22F6D66B961D967F6DE /* Check Pods Manifest.lock */,
				5E3A98231AA7302B00CE2F20 /* Sources */,
				5E3A98241AA7302B00CE2F20 /* Frameworks */,
				5E3A98251AA7302B00CE2F20 /* Resources */,
				23196DA9A61370EBB9F69EFC /* Embed Pods Frameworks */,
				C642144B6D6FBF365CB96FA7 /* Copy Pods Resources */,
			);
			buildRules = (
			);
			dependencies = (
				5E3A982E1AA7302B00CE2F20 /* PBXTargetDependency */,
			);
			name = "Functional Tests";
			productName = "Functional Tests";
			productReference = 5E3A98271AA7302B00CE2F20 /* Functional Tests.xctest */;
			productType = "com.apple.product-type.bundle.unit-test";
		};
		5E3A98351AA73A6500CE2F20 /* Unit Tests */ = {
			isa = PBXNativeTarget;
			buildConfigurationList = 5E3A983E1AA73A6600CE2F20 /* Build configuration list for PBXNativeTarget "Unit Tests" */;
			buildPhases = (
				DB2CD4A7D828A3565F10558B /* Check Pods Manifest.lock */,
				5E3A98321AA73A6500CE2F20 /* Sources */,
				5E3A98331AA73A6500CE2F20 /* Frameworks */,
				5E3A98341AA73A6500CE2F20 /* Resources */,
				C0B534AC4C2BACD556147321 /* Embed Pods Frameworks */,
				B2D11170745CB94B307401F6 /* Copy Pods Resources */,
			);
			buildRules = (
			);
			dependencies = (
				5E3A983D1AA73A6500CE2F20 /* PBXTargetDependency */,
			);
			name = "Unit Tests";
			productName = "Unit Tests";
			productReference = 5E3A98361AA73A6500CE2F20 /* Unit Tests.xctest */;
			productType = "com.apple.product-type.bundle.unit-test";
		};
/* End PBXNativeTarget section */

/* Begin PBXProject section */
		5E3A97E01AA72F0A00CE2F20 /* Project object */ = {
			isa = PBXProject;
			attributes = {
				LastUpgradeCheck = 0610;
				ORGANIZATIONNAME = "Patryk Kaczmarek";
				TargetAttributes = {
					5E3A97E71AA72F0A00CE2F20 = {
						CreatedOnToolsVersion = 6.1.1;
					};
					5E3A98261AA7302B00CE2F20 = {
						CreatedOnToolsVersion = 6.1.1;
						TestTargetID = 5E3A97E71AA72F0A00CE2F20;
					};
					5E3A98351AA73A6500CE2F20 = {
						CreatedOnToolsVersion = 6.1.1;
					};
				};
			};
			buildConfigurationList = 5E3A97E31AA72F0A00CE2F20 /* Build configuration list for PBXProject "Roomguru" */;
			compatibilityVersion = "Xcode 3.2";
			developmentRegion = English;
			hasScannedForEncodings = 0;
			knownRegions = (
				en,
				Base,
			);
			mainGroup = 5E3A97DF1AA72F0A00CE2F20;
			productRefGroup = 5E3A97E91AA72F0A00CE2F20 /* Products */;
			projectDirPath = "";
			projectRoot = "";
			targets = (
				5E3A97E71AA72F0A00CE2F20 /* Roomguru */,
				5E3A98351AA73A6500CE2F20 /* Unit Tests */,
				5E3A98261AA7302B00CE2F20 /* Functional Tests */,
			);
		};
/* End PBXProject section */

/* Begin PBXResourcesBuildPhase section */
		5E3A97E61AA72F0A00CE2F20 /* Resources */ = {
			isa = PBXResourcesBuildPhase;
			buildActionMask = 2147483647;
			files = (
				5E8A7EF21AA9CB770018F432 /* LaunchScreen.xib in Resources */,
				5E8A7EEF1AA9CB6D0018F432 /* Images.xcassets in Resources */,
				5E8A7EF31AA9CB770018F432 /* Main.storyboard in Resources */,
			);
			runOnlyForDeploymentPostprocessing = 0;
		};
		5E3A98251AA7302B00CE2F20 /* Resources */ = {
			isa = PBXResourcesBuildPhase;
			buildActionMask = 2147483647;
			files = (
			);
			runOnlyForDeploymentPostprocessing = 0;
		};
		5E3A98341AA73A6500CE2F20 /* Resources */ = {
			isa = PBXResourcesBuildPhase;
			buildActionMask = 2147483647;
			files = (
			);
			runOnlyForDeploymentPostprocessing = 0;
		};
/* End PBXResourcesBuildPhase section */

/* Begin PBXShellScriptBuildPhase section */
		05CBF50C3479CFCF14DDF382 /* Copy Pods Resources */ = {
			isa = PBXShellScriptBuildPhase;
			buildActionMask = 2147483647;
			files = (
			);
			inputPaths = (
			);
			name = "Copy Pods Resources";
			outputPaths = (
			);
			runOnlyForDeploymentPostprocessing = 0;
			shellPath = /bin/sh;
			shellScript = "\"${SRCROOT}/Pods/Target Support Files/Pods/Pods-resources.sh\"\n";
			showEnvVarsInLog = 0;
		};
		167F8D30F1ADCADD56793386 /* Embed Pods Frameworks */ = {
			isa = PBXShellScriptBuildPhase;
			buildActionMask = 2147483647;
			files = (
			);
			inputPaths = (
			);
			name = "Embed Pods Frameworks";
			outputPaths = (
			);
			runOnlyForDeploymentPostprocessing = 0;
			shellPath = /bin/sh;
			shellScript = "\"${SRCROOT}/Pods/Target Support Files/Pods/Pods-frameworks.sh\"\n";
			showEnvVarsInLog = 0;
		};
		23196DA9A61370EBB9F69EFC /* Embed Pods Frameworks */ = {
			isa = PBXShellScriptBuildPhase;
			buildActionMask = 2147483647;
			files = (
			);
			inputPaths = (
			);
			name = "Embed Pods Frameworks";
			outputPaths = (
			);
			runOnlyForDeploymentPostprocessing = 0;
			shellPath = /bin/sh;
			shellScript = "\"${SRCROOT}/Pods/Target Support Files/Pods-Tests/Pods-Tests-frameworks.sh\"\n";
			showEnvVarsInLog = 0;
		};
		B2751B7E0D423C87A390F7D6 /* Check Pods Manifest.lock */ = {
			isa = PBXShellScriptBuildPhase;
			buildActionMask = 2147483647;
			files = (
			);
			inputPaths = (
			);
			name = "Check Pods Manifest.lock";
			outputPaths = (
			);
			runOnlyForDeploymentPostprocessing = 0;
			shellPath = /bin/sh;
			shellScript = "diff \"${PODS_ROOT}/../Podfile.lock\" \"${PODS_ROOT}/Manifest.lock\" > /dev/null\nif [[ $? != 0 ]] ; then\n    cat << EOM\nerror: The sandbox is not in sync with the Podfile.lock. Run 'pod install' or update your CocoaPods installation.\nEOM\n    exit 1\nfi\n";
			showEnvVarsInLog = 0;
		};
		B2D11170745CB94B307401F6 /* Copy Pods Resources */ = {
			isa = PBXShellScriptBuildPhase;
			buildActionMask = 2147483647;
			files = (
			);
			inputPaths = (
			);
			name = "Copy Pods Resources";
			outputPaths = (
			);
			runOnlyForDeploymentPostprocessing = 0;
			shellPath = /bin/sh;
			shellScript = "\"${SRCROOT}/Pods/Target Support Files/Pods-Tests/Pods-Tests-resources.sh\"\n";
			showEnvVarsInLog = 0;
		};
		C0B534AC4C2BACD556147321 /* Embed Pods Frameworks */ = {
			isa = PBXShellScriptBuildPhase;
			buildActionMask = 2147483647;
			files = (
			);
			inputPaths = (
			);
			name = "Embed Pods Frameworks";
			outputPaths = (
			);
			runOnlyForDeploymentPostprocessing = 0;
			shellPath = /bin/sh;
			shellScript = "\"${SRCROOT}/Pods/Target Support Files/Pods-Tests/Pods-Tests-frameworks.sh\"\n";
			showEnvVarsInLog = 0;
		};
		C642144B6D6FBF365CB96FA7 /* Copy Pods Resources */ = {
			isa = PBXShellScriptBuildPhase;
			buildActionMask = 2147483647;
			files = (
			);
			inputPaths = (
			);
			name = "Copy Pods Resources";
			outputPaths = (
			);
			runOnlyForDeploymentPostprocessing = 0;
			shellPath = /bin/sh;
			shellScript = "\"${SRCROOT}/Pods/Target Support Files/Pods-Tests/Pods-Tests-resources.sh\"\n";
			showEnvVarsInLog = 0;
		};
		D3D6A22F6D66B961D967F6DE /* Check Pods Manifest.lock */ = {
			isa = PBXShellScriptBuildPhase;
			buildActionMask = 2147483647;
			files = (
			);
			inputPaths = (
			);
			name = "Check Pods Manifest.lock";
			outputPaths = (
			);
			runOnlyForDeploymentPostprocessing = 0;
			shellPath = /bin/sh;
			shellScript = "diff \"${PODS_ROOT}/../Podfile.lock\" \"${PODS_ROOT}/Manifest.lock\" > /dev/null\nif [[ $? != 0 ]] ; then\n    cat << EOM\nerror: The sandbox is not in sync with the Podfile.lock. Run 'pod install' or update your CocoaPods installation.\nEOM\n    exit 1\nfi\n";
			showEnvVarsInLog = 0;
		};
		DB2CD4A7D828A3565F10558B /* Check Pods Manifest.lock */ = {
			isa = PBXShellScriptBuildPhase;
			buildActionMask = 2147483647;
			files = (
			);
			inputPaths = (
			);
			name = "Check Pods Manifest.lock";
			outputPaths = (
			);
			runOnlyForDeploymentPostprocessing = 0;
			shellPath = /bin/sh;
			shellScript = "diff \"${PODS_ROOT}/../Podfile.lock\" \"${PODS_ROOT}/Manifest.lock\" > /dev/null\nif [[ $? != 0 ]] ; then\n    cat << EOM\nerror: The sandbox is not in sync with the Podfile.lock. Run 'pod install' or update your CocoaPods installation.\nEOM\n    exit 1\nfi\n";
			showEnvVarsInLog = 0;
		};
/* End PBXShellScriptBuildPhase section */

/* Begin PBXSourcesBuildPhase section */
		5E3A97E41AA72F0A00CE2F20 /* Sources */ = {
			isa = PBXSourcesBuildPhase;
			buildActionMask = 2147483647;
			files = (
				5E8A7EEB1AA9CB610018F432 /* AppDelegate.swift in Sources */,
				5E8A7EED1AA9CB660018F432 /* ViewController.swift in Sources */,
			);
			runOnlyForDeploymentPostprocessing = 0;
		};
		5E3A98231AA7302B00CE2F20 /* Sources */ = {
			isa = PBXSourcesBuildPhase;
			buildActionMask = 2147483647;
			files = (
				5E51B7961AA9B9C70018EDA9 /* SwiftKIFExtension.swift in Sources */,
				5E1FF7691AA8AB5A00467837 /* RootScreenSpec.swift in Sources */,
			);
			runOnlyForDeploymentPostprocessing = 0;
		};
		5E3A98321AA73A6500CE2F20 /* Sources */ = {
			isa = PBXSourcesBuildPhase;
			buildActionMask = 2147483647;
			files = (
				5E1FF7671AA8A8BA00467837 /* MathSpec.swift in Sources */,
			);
			runOnlyForDeploymentPostprocessing = 0;
		};
/* End PBXSourcesBuildPhase section */

/* Begin PBXTargetDependency section */
		5E3A982E1AA7302B00CE2F20 /* PBXTargetDependency */ = {
			isa = PBXTargetDependency;
			target = 5E3A97E71AA72F0A00CE2F20 /* Roomguru */;
			targetProxy = 5E3A982D1AA7302B00CE2F20 /* PBXContainerItemProxy */;
		};
		5E3A983D1AA73A6500CE2F20 /* PBXTargetDependency */ = {
			isa = PBXTargetDependency;
			target = 5E3A97E71AA72F0A00CE2F20 /* Roomguru */;
			targetProxy = 5E3A983C1AA73A6500CE2F20 /* PBXContainerItemProxy */;
		};
/* End PBXTargetDependency section */

/* Begin XCBuildConfiguration section */
		5E3A98051AA72F0A00CE2F20 /* Test */ = {
			isa = XCBuildConfiguration;
			buildSettings = {
				ALWAYS_SEARCH_USER_PATHS = NO;
				CLANG_CXX_LANGUAGE_STANDARD = "gnu++0x";
				CLANG_CXX_LIBRARY = "libc++";
				CLANG_ENABLE_MODULES = YES;
				CLANG_ENABLE_OBJC_ARC = YES;
				CLANG_WARN_BOOL_CONVERSION = YES;
				CLANG_WARN_CONSTANT_CONVERSION = YES;
				CLANG_WARN_DIRECT_OBJC_ISA_USAGE = YES_ERROR;
				CLANG_WARN_EMPTY_BODY = YES;
				CLANG_WARN_ENUM_CONVERSION = YES;
				CLANG_WARN_INT_CONVERSION = YES;
				CLANG_WARN_OBJC_ROOT_CLASS = YES_ERROR;
				CLANG_WARN_UNREACHABLE_CODE = YES;
				CLANG_WARN__DUPLICATE_METHOD_MATCH = YES;
				CODE_SIGN_IDENTITY = "iPhone Developer";
				"CODE_SIGN_IDENTITY[sdk=iphoneos*]" = "iPhone Developer";
				COPY_PHASE_STRIP = NO;
				ENABLE_STRICT_OBJC_MSGSEND = YES;
				GCC_C_LANGUAGE_STANDARD = gnu99;
				GCC_DYNAMIC_NO_PIC = NO;
				GCC_OPTIMIZATION_LEVEL = 0;
				GCC_PREPROCESSOR_DEFINITIONS = (
					"DEBUG=1",
					"$(inherited)",
				);
				GCC_SYMBOLS_PRIVATE_EXTERN = NO;
				GCC_WARN_64_TO_32_BIT_CONVERSION = YES;
				GCC_WARN_ABOUT_RETURN_TYPE = YES_ERROR;
				GCC_WARN_UNDECLARED_SELECTOR = YES;
				GCC_WARN_UNINITIALIZED_AUTOS = YES_AGGRESSIVE;
				GCC_WARN_UNUSED_FUNCTION = YES;
				GCC_WARN_UNUSED_VARIABLE = YES;
				IPHONEOS_DEPLOYMENT_TARGET = 8.1;
				MTL_ENABLE_DEBUG_INFO = YES;
				ONLY_ACTIVE_ARCH = YES;
				SDKROOT = iphoneos;
				SWIFT_OPTIMIZATION_LEVEL = "-Onone";
			};
			name = Test;
		};
		5E3A98061AA72F0A00CE2F20 /* Staging */ = {
			isa = XCBuildConfiguration;
			buildSettings = {
				ALWAYS_SEARCH_USER_PATHS = NO;
				CLANG_CXX_LANGUAGE_STANDARD = "gnu++0x";
				CLANG_CXX_LIBRARY = "libc++";
				CLANG_ENABLE_MODULES = YES;
				CLANG_ENABLE_OBJC_ARC = YES;
				CLANG_WARN_BOOL_CONVERSION = YES;
				CLANG_WARN_CONSTANT_CONVERSION = YES;
				CLANG_WARN_DIRECT_OBJC_ISA_USAGE = YES_ERROR;
				CLANG_WARN_EMPTY_BODY = YES;
				CLANG_WARN_ENUM_CONVERSION = YES;
				CLANG_WARN_INT_CONVERSION = YES;
				CLANG_WARN_OBJC_ROOT_CLASS = YES_ERROR;
				CLANG_WARN_UNREACHABLE_CODE = YES;
				CLANG_WARN__DUPLICATE_METHOD_MATCH = YES;
				CODE_SIGN_IDENTITY = "iPhone Distribution";
				"CODE_SIGN_IDENTITY[sdk=iphoneos*]" = "iPhone Distribution";
				COPY_PHASE_STRIP = YES;
				ENABLE_NS_ASSERTIONS = NO;
				ENABLE_STRICT_OBJC_MSGSEND = YES;
				GCC_C_LANGUAGE_STANDARD = gnu99;
				GCC_WARN_64_TO_32_BIT_CONVERSION = YES;
				GCC_WARN_ABOUT_RETURN_TYPE = YES_ERROR;
				GCC_WARN_UNDECLARED_SELECTOR = YES;
				GCC_WARN_UNINITIALIZED_AUTOS = YES_AGGRESSIVE;
				GCC_WARN_UNUSED_FUNCTION = YES;
				GCC_WARN_UNUSED_VARIABLE = YES;
				IPHONEOS_DEPLOYMENT_TARGET = 8.1;
				MTL_ENABLE_DEBUG_INFO = NO;
				SDKROOT = iphoneos;
				VALIDATE_PRODUCT = YES;
			};
			name = Staging;
		};
		5E3A98081AA72F0A00CE2F20 /* Test */ = {
			isa = XCBuildConfiguration;
			baseConfigurationReference = 5E3A98541AA741FA00CE2F20 /* Test.xcconfig */;
			buildSettings = {
				ASSETCATALOG_COMPILER_APPICON_NAME = AppIcon;
				CLANG_ENABLE_MODULES = YES;
				DEFINES_MODULE = NO;
				INFOPLIST_FILE = "Supporting Files/Project-Info.plist";
				LD_RUNPATH_SEARCH_PATHS = "$(inherited) @executable_path/Frameworks";
				PRODUCT_NAME = "$(TARGET_NAME)";
				SWIFT_OBJC_BRIDGING_HEADER = "Supporting Files/Project-Bridging-Header.h";
				SWIFT_OPTIMIZATION_LEVEL = "-Onone";
				TARGETED_DEVICE_FAMILY = 1;
			};
			name = Test;
		};
		5E3A98091AA72F0A00CE2F20 /* Staging */ = {
			isa = XCBuildConfiguration;
			baseConfigurationReference = 5E3A98531AA741FA00CE2F20 /* Staging.xcconfig */;
			buildSettings = {
				ASSETCATALOG_COMPILER_APPICON_NAME = AppIcon;
				CLANG_ENABLE_MODULES = YES;
				DEFINES_MODULE = NO;
				INFOPLIST_FILE = "Supporting Files/Project-Info.plist";
				LD_RUNPATH_SEARCH_PATHS = "$(inherited) @executable_path/Frameworks";
				PRODUCT_NAME = "$(TARGET_NAME)";
				SWIFT_OBJC_BRIDGING_HEADER = "Supporting Files/Project-Bridging-Header.h";
				TARGETED_DEVICE_FAMILY = 1;
			};
			name = Staging;
		};
		5E3A98301AA7302B00CE2F20 /* Test */ = {
			isa = XCBuildConfiguration;
			baseConfigurationReference = 5E3A98581AA741FA00CE2F20 /* Tests-Test.xcconfig */;
			buildSettings = {
				BUNDLE_LOADER = "$(TEST_HOST)";
				CLANG_ENABLE_MODULES = YES;
				DEFINES_MODULE = NO;
				FRAMEWORK_SEARCH_PATHS = (
					"$(SDKROOT)/Developer/Library/Frameworks",
					"$(inherited)",
				);
				GCC_PREPROCESSOR_DEFINITIONS = (
					"DEBUG=1",
					"$(inherited)",
				);
				INFOPLIST_FILE = "Supporting Files/Functional-Tests-Info.plist";
				LD_RUNPATH_SEARCH_PATHS = "$(inherited) @executable_path/Frameworks @loader_path/Frameworks";
				PRODUCT_NAME = "$(TARGET_NAME)";
				SWIFT_OBJC_BRIDGING_HEADER = "Supporting Files/Functional-Tests-Bridging-Header.h";
				SWIFT_OPTIMIZATION_LEVEL = "-Onone";
				TEST_HOST = "$(BUILT_PRODUCTS_DIR)/Roomguru.app/Roomguru";
			};
			name = Test;
		};
		5E3A98311AA7302B00CE2F20 /* Staging */ = {
			isa = XCBuildConfiguration;
			baseConfigurationReference = 5E3A98571AA741FA00CE2F20 /* Tests-Staging.xcconfig */;
			buildSettings = {
				BUNDLE_LOADER = "$(TEST_HOST)";
				CLANG_ENABLE_MODULES = YES;
				DEFINES_MODULE = NO;
				FRAMEWORK_SEARCH_PATHS = (
					"$(SDKROOT)/Developer/Library/Frameworks",
					"$(inherited)",
				);
				INFOPLIST_FILE = "Supporting Files/Functional-Tests-Info.plist";
				LD_RUNPATH_SEARCH_PATHS = "$(inherited) @executable_path/Frameworks @loader_path/Frameworks";
				PRODUCT_NAME = "$(TARGET_NAME)";
				SWIFT_OBJC_BRIDGING_HEADER = "Supporting Files/Functional-Tests-Bridging-Header.h";
				TEST_HOST = "$(BUILT_PRODUCTS_DIR)/Roomguru.app/Roomguru";
			};
			name = Staging;
		};
		5E3A983F1AA73A6600CE2F20 /* Test */ = {
			isa = XCBuildConfiguration;
			baseConfigurationReference = 5E3A98581AA741FA00CE2F20 /* Tests-Test.xcconfig */;
			buildSettings = {
				CLANG_ENABLE_MODULES = YES;
				DEFINES_MODULE = NO;
				FRAMEWORK_SEARCH_PATHS = (
					"$(SDKROOT)/Developer/Library/Frameworks",
					"$(inherited)",
				);
				GCC_PREPROCESSOR_DEFINITIONS = (
					"DEBUG=1",
					"$(inherited)",
				);
				INFOPLIST_FILE = "Supporting Files/Unit-Tests-Info.plist";
				LD_RUNPATH_SEARCH_PATHS = "$(inherited) @executable_path/Frameworks @loader_path/Frameworks";
				PRODUCT_NAME = "$(TARGET_NAME)";
				SWIFT_OBJC_BRIDGING_HEADER = "Supporting Files/Unit-Tests-Bridging-Header.h";
				SWIFT_OPTIMIZATION_LEVEL = "-Onone";
			};
			name = Test;
		};
		5E3A98401AA73A6600CE2F20 /* Staging */ = {
			isa = XCBuildConfiguration;
			baseConfigurationReference = 5E3A98571AA741FA00CE2F20 /* Tests-Staging.xcconfig */;
			buildSettings = {
				CLANG_ENABLE_MODULES = YES;
				DEFINES_MODULE = NO;
				FRAMEWORK_SEARCH_PATHS = (
					"$(SDKROOT)/Developer/Library/Frameworks",
					"$(inherited)",
				);
				INFOPLIST_FILE = "Supporting Files/Unit-Tests-Info.plist";
				LD_RUNPATH_SEARCH_PATHS = "$(inherited) @executable_path/Frameworks @loader_path/Frameworks";
				PRODUCT_NAME = "$(TARGET_NAME)";
				SWIFT_OBJC_BRIDGING_HEADER = "Supporting Files/Unit-Tests-Bridging-Header.h";
			};
			name = Staging;
		};
		5E3A98611AA7425C00CE2F20 /* Development */ = {
			isa = XCBuildConfiguration;
			buildSettings = {
				ALWAYS_SEARCH_USER_PATHS = NO;
				CLANG_CXX_LANGUAGE_STANDARD = "gnu++0x";
				CLANG_CXX_LIBRARY = "libc++";
				CLANG_ENABLE_MODULES = YES;
				CLANG_ENABLE_OBJC_ARC = YES;
				CLANG_WARN_BOOL_CONVERSION = YES;
				CLANG_WARN_CONSTANT_CONVERSION = YES;
				CLANG_WARN_DIRECT_OBJC_ISA_USAGE = YES_ERROR;
				CLANG_WARN_EMPTY_BODY = YES;
				CLANG_WARN_ENUM_CONVERSION = YES;
				CLANG_WARN_INT_CONVERSION = YES;
				CLANG_WARN_OBJC_ROOT_CLASS = YES_ERROR;
				CLANG_WARN_UNREACHABLE_CODE = YES;
				CLANG_WARN__DUPLICATE_METHOD_MATCH = YES;
				CODE_SIGN_IDENTITY = "iPhone Developer";
				"CODE_SIGN_IDENTITY[sdk=iphoneos*]" = "iPhone Developer";
				COPY_PHASE_STRIP = NO;
				ENABLE_STRICT_OBJC_MSGSEND = YES;
				GCC_C_LANGUAGE_STANDARD = gnu99;
				GCC_DYNAMIC_NO_PIC = NO;
				GCC_OPTIMIZATION_LEVEL = 0;
				GCC_PREPROCESSOR_DEFINITIONS = (
					"DEBUG=1",
					"$(inherited)",
				);
				GCC_SYMBOLS_PRIVATE_EXTERN = NO;
				GCC_WARN_64_TO_32_BIT_CONVERSION = YES;
				GCC_WARN_ABOUT_RETURN_TYPE = YES_ERROR;
				GCC_WARN_UNDECLARED_SELECTOR = YES;
				GCC_WARN_UNINITIALIZED_AUTOS = YES_AGGRESSIVE;
				GCC_WARN_UNUSED_FUNCTION = YES;
				GCC_WARN_UNUSED_VARIABLE = YES;
				IPHONEOS_DEPLOYMENT_TARGET = 8.1;
				MTL_ENABLE_DEBUG_INFO = YES;
				ONLY_ACTIVE_ARCH = YES;
				SDKROOT = iphoneos;
				SWIFT_OPTIMIZATION_LEVEL = "-Onone";
			};
			name = Development;
		};
		5E3A98621AA7425C00CE2F20 /* Development */ = {
			isa = XCBuildConfiguration;
			baseConfigurationReference = 5E3A98511AA741FA00CE2F20 /* Development.xcconfig */;
			buildSettings = {
				ASSETCATALOG_COMPILER_APPICON_NAME = AppIcon;
				CLANG_ENABLE_MODULES = YES;
				DEFINES_MODULE = NO;
				INFOPLIST_FILE = "Supporting Files/Project-Info.plist";
				LD_RUNPATH_SEARCH_PATHS = "$(inherited) @executable_path/Frameworks";
				PRODUCT_NAME = "$(TARGET_NAME)";
				SWIFT_OBJC_BRIDGING_HEADER = "Supporting Files/Project-Bridging-Header.h";
				SWIFT_OPTIMIZATION_LEVEL = "-Onone";
				TARGETED_DEVICE_FAMILY = 1;
			};
			name = Development;
		};
		5E3A98631AA7425C00CE2F20 /* Development */ = {
			isa = XCBuildConfiguration;
			baseConfigurationReference = 5E3A98551AA741FA00CE2F20 /* Tests-Development.xcconfig */;
			buildSettings = {
				CLANG_ENABLE_MODULES = YES;
				DEFINES_MODULE = NO;
				FRAMEWORK_SEARCH_PATHS = (
					"$(SDKROOT)/Developer/Library/Frameworks",
					"$(inherited)",
				);
				GCC_PREPROCESSOR_DEFINITIONS = (
					"DEBUG=1",
					"$(inherited)",
				);
				INFOPLIST_FILE = "Supporting Files/Unit-Tests-Info.plist";
				LD_RUNPATH_SEARCH_PATHS = "$(inherited) @executable_path/Frameworks @loader_path/Frameworks";
				PRODUCT_NAME = "$(TARGET_NAME)";
				SWIFT_OBJC_BRIDGING_HEADER = "Supporting Files/Unit-Tests-Bridging-Header.h";
				SWIFT_OPTIMIZATION_LEVEL = "-Onone";
			};
			name = Development;
		};
		5E3A98641AA7425C00CE2F20 /* Development */ = {
			isa = XCBuildConfiguration;
			baseConfigurationReference = 5E3A98551AA741FA00CE2F20 /* Tests-Development.xcconfig */;
			buildSettings = {
				BUNDLE_LOADER = "$(TEST_HOST)";
				CLANG_ENABLE_MODULES = YES;
				DEFINES_MODULE = NO;
				FRAMEWORK_SEARCH_PATHS = (
					"$(SDKROOT)/Developer/Library/Frameworks",
					"$(inherited)",
				);
				GCC_PREPROCESSOR_DEFINITIONS = (
					"DEBUG=1",
					"$(inherited)",
				);
				INFOPLIST_FILE = "Supporting Files/Functional-Tests-Info.plist";
				LD_RUNPATH_SEARCH_PATHS = "$(inherited) @executable_path/Frameworks @loader_path/Frameworks";
				PRODUCT_NAME = "$(TARGET_NAME)";
				SWIFT_OBJC_BRIDGING_HEADER = "Supporting Files/Functional-Tests-Bridging-Header.h";
				SWIFT_OPTIMIZATION_LEVEL = "-Onone";
				TEST_HOST = "$(BUILT_PRODUCTS_DIR)/Roomguru.app/Roomguru";
			};
			name = Development;
		};
		5E3A98651AA7426800CE2F20 /* Production */ = {
			isa = XCBuildConfiguration;
			buildSettings = {
				ALWAYS_SEARCH_USER_PATHS = NO;
				CLANG_CXX_LANGUAGE_STANDARD = "gnu++0x";
				CLANG_CXX_LIBRARY = "libc++";
				CLANG_ENABLE_MODULES = YES;
				CLANG_ENABLE_OBJC_ARC = YES;
				CLANG_WARN_BOOL_CONVERSION = YES;
				CLANG_WARN_CONSTANT_CONVERSION = YES;
				CLANG_WARN_DIRECT_OBJC_ISA_USAGE = YES_ERROR;
				CLANG_WARN_EMPTY_BODY = YES;
				CLANG_WARN_ENUM_CONVERSION = YES;
				CLANG_WARN_INT_CONVERSION = YES;
				CLANG_WARN_OBJC_ROOT_CLASS = YES_ERROR;
				CLANG_WARN_UNREACHABLE_CODE = YES;
				CLANG_WARN__DUPLICATE_METHOD_MATCH = YES;
				CODE_SIGN_IDENTITY = "iPhone Distribution";
				"CODE_SIGN_IDENTITY[sdk=iphoneos*]" = "iPhone Distribution";
				COPY_PHASE_STRIP = YES;
				ENABLE_NS_ASSERTIONS = NO;
				ENABLE_STRICT_OBJC_MSGSEND = YES;
				GCC_C_LANGUAGE_STANDARD = gnu99;
				GCC_WARN_64_TO_32_BIT_CONVERSION = YES;
				GCC_WARN_ABOUT_RETURN_TYPE = YES_ERROR;
				GCC_WARN_UNDECLARED_SELECTOR = YES;
				GCC_WARN_UNINITIALIZED_AUTOS = YES_AGGRESSIVE;
				GCC_WARN_UNUSED_FUNCTION = YES;
				GCC_WARN_UNUSED_VARIABLE = YES;
				IPHONEOS_DEPLOYMENT_TARGET = 8.1;
				MTL_ENABLE_DEBUG_INFO = NO;
				SDKROOT = iphoneos;
				VALIDATE_PRODUCT = YES;
			};
			name = Production;
		};
		5E3A98661AA7426800CE2F20 /* Production */ = {
			isa = XCBuildConfiguration;
			baseConfigurationReference = 5E3A98521AA741FA00CE2F20 /* Production.xcconfig */;
			buildSettings = {
				ASSETCATALOG_COMPILER_APPICON_NAME = AppIcon;
				CLANG_ENABLE_MODULES = YES;
				DEFINES_MODULE = NO;
				INFOPLIST_FILE = "Supporting Files/Project-Info.plist";
				LD_RUNPATH_SEARCH_PATHS = "$(inherited) @executable_path/Frameworks";
				PRODUCT_NAME = "$(TARGET_NAME)";
				SWIFT_OBJC_BRIDGING_HEADER = "Supporting Files/Project-Bridging-Header.h";
				TARGETED_DEVICE_FAMILY = 1;
			};
			name = Production;
		};
		5E3A98671AA7426800CE2F20 /* Production */ = {
			isa = XCBuildConfiguration;
			baseConfigurationReference = 5E3A98561AA741FA00CE2F20 /* Tests-Production.xcconfig */;
			buildSettings = {
				CLANG_ENABLE_MODULES = YES;
				DEFINES_MODULE = NO;
				FRAMEWORK_SEARCH_PATHS = (
					"$(SDKROOT)/Developer/Library/Frameworks",
					"$(inherited)",
				);
				INFOPLIST_FILE = "Supporting Files/Unit-Tests-Info.plist";
				LD_RUNPATH_SEARCH_PATHS = "$(inherited) @executable_path/Frameworks @loader_path/Frameworks";
				PRODUCT_NAME = "$(TARGET_NAME)";
				SWIFT_OBJC_BRIDGING_HEADER = "Supporting Files/Unit-Tests-Bridging-Header.h";
			};
			name = Production;
		};
		5E3A98681AA7426800CE2F20 /* Production */ = {
			isa = XCBuildConfiguration;
			baseConfigurationReference = 5E3A98561AA741FA00CE2F20 /* Tests-Production.xcconfig */;
			buildSettings = {
				BUNDLE_LOADER = "$(TEST_HOST)";
				CLANG_ENABLE_MODULES = YES;
				DEFINES_MODULE = NO;
				FRAMEWORK_SEARCH_PATHS = (
					"$(SDKROOT)/Developer/Library/Frameworks",
					"$(inherited)",
				);
				INFOPLIST_FILE = "Supporting Files/Functional-Tests-Info.plist";
				LD_RUNPATH_SEARCH_PATHS = "$(inherited) @executable_path/Frameworks @loader_path/Frameworks";
				PRODUCT_NAME = "$(TARGET_NAME)";
				SWIFT_OBJC_BRIDGING_HEADER = "Supporting Files/Functional-Tests-Bridging-Header.h";
				TEST_HOST = "$(BUILT_PRODUCTS_DIR)/Roomguru.app/Roomguru";
			};
			name = Production;
		};
/* End XCBuildConfiguration section */

/* Begin XCConfigurationList section */
		5E3A97E31AA72F0A00CE2F20 /* Build configuration list for PBXProject "Roomguru" */ = {
			isa = XCConfigurationList;
			buildConfigurations = (
				5E3A98051AA72F0A00CE2F20 /* Test */,
				5E3A98611AA7425C00CE2F20 /* Development */,
				5E3A98061AA72F0A00CE2F20 /* Staging */,
				5E3A98651AA7426800CE2F20 /* Production */,
			);
			defaultConfigurationIsVisible = 0;
			defaultConfigurationName = Staging;
		};
		5E3A98071AA72F0A00CE2F20 /* Build configuration list for PBXNativeTarget "Roomguru" */ = {
			isa = XCConfigurationList;
			buildConfigurations = (
				5E3A98081AA72F0A00CE2F20 /* Test */,
				5E3A98621AA7425C00CE2F20 /* Development */,
				5E3A98091AA72F0A00CE2F20 /* Staging */,
				5E3A98661AA7426800CE2F20 /* Production */,
			);
			defaultConfigurationIsVisible = 0;
			defaultConfigurationName = Staging;
		};
		5E3A982F1AA7302B00CE2F20 /* Build configuration list for PBXNativeTarget "Functional Tests" */ = {
			isa = XCConfigurationList;
			buildConfigurations = (
				5E3A98301AA7302B00CE2F20 /* Test */,
				5E3A98641AA7425C00CE2F20 /* Development */,
				5E3A98311AA7302B00CE2F20 /* Staging */,
				5E3A98681AA7426800CE2F20 /* Production */,
			);
			defaultConfigurationIsVisible = 0;
			defaultConfigurationName = Staging;
		};
		5E3A983E1AA73A6600CE2F20 /* Build configuration list for PBXNativeTarget "Unit Tests" */ = {
			isa = XCConfigurationList;
			buildConfigurations = (
				5E3A983F1AA73A6600CE2F20 /* Test */,
				5E3A98631AA7425C00CE2F20 /* Development */,
				5E3A98401AA73A6600CE2F20 /* Staging */,
				5E3A98671AA7426800CE2F20 /* Production */,
			);
			defaultConfigurationIsVisible = 0;
			defaultConfigurationName = Staging;
		};
/* End XCConfigurationList section */
	};
	rootObject = 5E3A97E01AA72F0A00CE2F20 /* Project object */;
}
